// !$*UTF8*$!
{
	archiveVersion = 1;
	classes = {
	};
	objectVersion = 50;
	objects = {

/* Begin PBXBuildFile section */
		D2D297862281D25500D3839F /* AppDelegate.swift in Sources */ = {isa = PBXBuildFile; fileRef = D2D297852281D25500D3839F /* AppDelegate.swift */; };
		D2D297882281D25500D3839F /* ViewController.swift in Sources */ = {isa = PBXBuildFile; fileRef = D2D297872281D25500D3839F /* ViewController.swift */; };
		D2D2978B2281D25500D3839F /* Main.storyboard in Resources */ = {isa = PBXBuildFile; fileRef = D2D297892281D25500D3839F /* Main.storyboard */; };
		D2D2978D2281D25800D3839F /* Assets.xcassets in Resources */ = {isa = PBXBuildFile; fileRef = D2D2978C2281D25800D3839F /* Assets.xcassets */; };
		D2D297902281D25800D3839F /* LaunchScreen.storyboard in Resources */ = {isa = PBXBuildFile; fileRef = D2D2978E2281D25800D3839F /* LaunchScreen.storyboard */; };
		D2D2979B2281D25900D3839F /* TwitterTests.swift in Sources */ = {isa = PBXBuildFile; fileRef = D2D2979A2281D25900D3839F /* TwitterTests.swift */; };
		D2D297A62281D25900D3839F /* TwitterUITests.swift in Sources */ = {isa = PBXBuildFile; fileRef = D2D297A52281D25900D3839F /* TwitterUITests.swift */; };
		D2D297B42281D4EC00D3839F /* User.swift in Sources */ = {isa = PBXBuildFile; fileRef = D2D297B32281D4EC00D3839F /* User.swift */; };
		D2D297B62281D5AF00D3839F /* Tweet.swift in Sources */ = {isa = PBXBuildFile; fileRef = D2D297B52281D5AF00D3839F /* Tweet.swift */; };
		D2D297B82281E1C700D3839F /* TweetTableViewCell.swift in Sources */ = {isa = PBXBuildFile; fileRef = D2D297B72281E1C700D3839F /* TweetTableViewCell.swift */; };
/* End PBXBuildFile section */

/* Begin PBXContainerItemProxy section */
		D2D297972281D25900D3839F /* PBXContainerItemProxy */ = {
			isa = PBXContainerItemProxy;
			containerPortal = D2D2977A2281D25500D3839F /* Project object */;
			proxyType = 1;
			remoteGlobalIDString = D2D297812281D25500D3839F;
			remoteInfo = Twitter;
		};
		D2D297A22281D25900D3839F /* PBXContainerItemProxy */ = {
			isa = PBXContainerItemProxy;
			containerPortal = D2D2977A2281D25500D3839F /* Project object */;
			proxyType = 1;
			remoteGlobalIDString = D2D297812281D25500D3839F;
			remoteInfo = Twitter;
		};
/* End PBXContainerItemProxy section */

/* Begin PBXFileReference section */
		D2D297822281D25500D3839F /* Twitter.app */ = {isa = PBXFileReference; explicitFileType = wrapper.application; includeInIndex = 0; path = Twitter.app; sourceTree = BUILT_PRODUCTS_DIR; };
		D2D297852281D25500D3839F /* AppDelegate.swift */ = {isa = PBXFileReference; lastKnownFileType = sourcecode.swift; path = AppDelegate.swift; sourceTree = "<group>"; };
		D2D297872281D25500D3839F /* ViewController.swift */ = {isa = PBXFileReference; lastKnownFileType = sourcecode.swift; path = ViewController.swift; sourceTree = "<group>"; };
		D2D2978A2281D25500D3839F /* Base */ = {isa = PBXFileReference; lastKnownFileType = file.storyboard; name = Base; path = Base.lproj/Main.storyboard; sourceTree = "<group>"; };
		D2D2978C2281D25800D3839F /* Assets.xcassets */ = {isa = PBXFileReference; lastKnownFileType = folder.assetcatalog; path = Assets.xcassets; sourceTree = "<group>"; };
		D2D2978F2281D25800D3839F /* Base */ = {isa = PBXFileReference; lastKnownFileType = file.storyboard; name = Base; path = Base.lproj/LaunchScreen.storyboard; sourceTree = "<group>"; };
		D2D297912281D25800D3839F /* Info.plist */ = {isa = PBXFileReference; lastKnownFileType = text.plist.xml; path = Info.plist; sourceTree = "<group>"; };
		D2D297962281D25900D3839F /* TwitterTests.xctest */ = {isa = PBXFileReference; explicitFileType = wrapper.cfbundle; includeInIndex = 0; path = TwitterTests.xctest; sourceTree = BUILT_PRODUCTS_DIR; };
		D2D2979A2281D25900D3839F /* TwitterTests.swift */ = {isa = PBXFileReference; lastKnownFileType = sourcecode.swift; path = TwitterTests.swift; sourceTree = "<group>"; };
		D2D2979C2281D25900D3839F /* Info.plist */ = {isa = PBXFileReference; lastKnownFileType = text.plist.xml; path = Info.plist; sourceTree = "<group>"; };
		D2D297A12281D25900D3839F /* TwitterUITests.xctest */ = {isa = PBXFileReference; explicitFileType = wrapper.cfbundle; includeInIndex = 0; path = TwitterUITests.xctest; sourceTree = BUILT_PRODUCTS_DIR; };
		D2D297A52281D25900D3839F /* TwitterUITests.swift */ = {isa = PBXFileReference; lastKnownFileType = sourcecode.swift; path = TwitterUITests.swift; sourceTree = "<group>"; };
		D2D297A72281D25900D3839F /* Info.plist */ = {isa = PBXFileReference; lastKnownFileType = text.plist.xml; path = Info.plist; sourceTree = "<group>"; };
		D2D297B32281D4EC00D3839F /* User.swift */ = {isa = PBXFileReference; lastKnownFileType = sourcecode.swift; path = User.swift; sourceTree = "<group>"; };
		D2D297B52281D5AF00D3839F /* Tweet.swift */ = {isa = PBXFileReference; lastKnownFileType = sourcecode.swift; path = Tweet.swift; sourceTree = "<group>"; };
		D2D297B72281E1C700D3839F /* TweetTableViewCell.swift */ = {isa = PBXFileReference; lastKnownFileType = sourcecode.swift; path = TweetTableViewCell.swift; sourceTree = "<group>"; };
/* End PBXFileReference section */

/* Begin PBXFrameworksBuildPhase section */
		D2D2977F2281D25500D3839F /* Frameworks */ = {
			isa = PBXFrameworksBuildPhase;
			buildActionMask = 2147483647;
			files = (
			);
			runOnlyForDeploymentPostprocessing = 0;
		};
		D2D297932281D25900D3839F /* Frameworks */ = {
			isa = PBXFrameworksBuildPhase;
			buildActionMask = 2147483647;
			files = (
			);
			runOnlyForDeploymentPostprocessing = 0;
		};
		D2D2979E2281D25900D3839F /* Frameworks */ = {
			isa = PBXFrameworksBuildPhase;
			buildActionMask = 2147483647;
			files = (
			);
			runOnlyForDeploymentPostprocessing = 0;
		};
/* End PBXFrameworksBuildPhase section */

/* Begin PBXGroup section */
		D2D297792281D25500D3839F = {
			isa = PBXGroup;
			children = (
				D2D297842281D25500D3839F /* Twitter */,
				D2D297992281D25900D3839F /* TwitterTests */,
				D2D297A42281D25900D3839F /* TwitterUITests */,
				D2D297832281D25500D3839F /* Products */,
			);
			sourceTree = "<group>";
		};
		D2D297832281D25500D3839F /* Products */ = {
			isa = PBXGroup;
			children = (
				D2D297822281D25500D3839F /* Twitter.app */,
				D2D297962281D25900D3839F /* TwitterTests.xctest */,
				D2D297A12281D25900D3839F /* TwitterUITests.xctest */,
			);
			name = Products;
			sourceTree = "<group>";
		};
		D2D297842281D25500D3839F /* Twitter */ = {
			isa = PBXGroup;
			children = (
				D2D297852281D25500D3839F /* AppDelegate.swift */,
				D2D297872281D25500D3839F /* ViewController.swift */,
				D2D297B32281D4EC00D3839F /* User.swift */,
				D2D297B52281D5AF00D3839F /* Tweet.swift */,
				D2D297892281D25500D3839F /* Main.storyboard */,
				D2D2978C2281D25800D3839F /* Assets.xcassets */,
				D2D2978E2281D25800D3839F /* LaunchScreen.storyboard */,
				D2D297912281D25800D3839F /* Info.plist */,
				D2D297B72281E1C700D3839F /* TweetTableViewCell.swift */,
			);
			path = Twitter;
			sourceTree = "<group>";
		};
		D2D297992281D25900D3839F /* TwitterTests */ = {
			isa = PBXGroup;
			children = (
				D2D2979A2281D25900D3839F /* TwitterTests.swift */,
				D2D2979C2281D25900D3839F /* Info.plist */,
			);
			path = TwitterTests;
			sourceTree = "<group>";
		};
		D2D297A42281D25900D3839F /* TwitterUITests */ = {
			isa = PBXGroup;
			children = (
				D2D297A52281D25900D3839F /* TwitterUITests.swift */,
				D2D297A72281D25900D3839F /* Info.plist */,
			);
			path = TwitterUITests;
			sourceTree = "<group>";
		};
/* End PBXGroup section */

/* Begin PBXNativeTarget section */
		D2D297812281D25500D3839F /* Twitter */ = {
			isa = PBXNativeTarget;
			buildConfigurationList = D2D297AA2281D25900D3839F /* Build configuration list for PBXNativeTarget "Twitter" */;
			buildPhases = (
				D2D2977E2281D25500D3839F /* Sources */,
				D2D2977F2281D25500D3839F /* Frameworks */,
				D2D297802281D25500D3839F /* Resources */,
			);
			buildRules = (
			);
			dependencies = (
			);
			name = Twitter;
			productName = Twitter;
			productReference = D2D297822281D25500D3839F /* Twitter.app */;
			productType = "com.apple.product-type.application";
		};
		D2D297952281D25900D3839F /* TwitterTests */ = {
			isa = PBXNativeTarget;
			buildConfigurationList = D2D297AD2281D25900D3839F /* Build configuration list for PBXNativeTarget "TwitterTests" */;
			buildPhases = (
				D2D297922281D25900D3839F /* Sources */,
				D2D297932281D25900D3839F /* Frameworks */,
				D2D297942281D25900D3839F /* Resources */,
			);
			buildRules = (
			);
			dependencies = (
				D2D297982281D25900D3839F /* PBXTargetDependency */,
			);
			name = TwitterTests;
			productName = TwitterTests;
			productReference = D2D297962281D25900D3839F /* TwitterTests.xctest */;
			productType = "com.apple.product-type.bundle.unit-test";
		};
		D2D297A02281D25900D3839F /* TwitterUITests */ = {
			isa = PBXNativeTarget;
			buildConfigurationList = D2D297B02281D25900D3839F /* Build configuration list for PBXNativeTarget "TwitterUITests" */;
			buildPhases = (
				D2D2979D2281D25900D3839F /* Sources */,
				D2D2979E2281D25900D3839F /* Frameworks */,
				D2D2979F2281D25900D3839F /* Resources */,
			);
			buildRules = (
			);
			dependencies = (
				D2D297A32281D25900D3839F /* PBXTargetDependency */,
			);
			name = TwitterUITests;
			productName = TwitterUITests;
			productReference = D2D297A12281D25900D3839F /* TwitterUITests.xctest */;
			productType = "com.apple.product-type.bundle.ui-testing";
		};
/* End PBXNativeTarget section */

/* Begin PBXProject section */
		D2D2977A2281D25500D3839F /* Project object */ = {
			isa = PBXProject;
			attributes = {
				LastSwiftUpdateCheck = 1020;
				LastUpgradeCheck = 1020;
				ORGANIZATIONNAME = "CHEN SINYU";
				TargetAttributes = {
					D2D297812281D25500D3839F = {
						CreatedOnToolsVersion = 10.2;
					};
					D2D297952281D25900D3839F = {
						CreatedOnToolsVersion = 10.2;
						TestTargetID = D2D297812281D25500D3839F;
					};
					D2D297A02281D25900D3839F = {
						CreatedOnToolsVersion = 10.2;
						TestTargetID = D2D297812281D25500D3839F;
					};
				};
			};
			buildConfigurationList = D2D2977D2281D25500D3839F /* Build configuration list for PBXProject "Twitter" */;
			compatibilityVersion = "Xcode 9.3";
			developmentRegion = en;
			hasScannedForEncodings = 0;
			knownRegions = (
				en,
				Base,
			);
			mainGroup = D2D297792281D25500D3839F;
			productRefGroup = D2D297832281D25500D3839F /* Products */;
			projectDirPath = "";
			projectRoot = "";
			targets = (
				D2D297812281D25500D3839F /* Twitter */,
				D2D297952281D25900D3839F /* TwitterTests */,
				D2D297A02281D25900D3839F /* TwitterUITests */,
			);
		};
/* End PBXProject section */

/* Begin PBXResourcesBuildPhase section */
		D2D297802281D25500D3839F /* Resources */ = {
			isa = PBXResourcesBuildPhase;
			buildActionMask = 2147483647;
			files = (
				D2D297902281D25800D3839F /* LaunchScreen.storyboard in Resources */,
				D2D2978D2281D25800D3839F /* Assets.xcassets in Resources */,
				D2D2978B2281D25500D3839F /* Main.storyboard in Resources */,
			);
			runOnlyForDeploymentPostprocessing = 0;
		};
		D2D297942281D25900D3839F /* Resources */ = {
			isa = PBXResourcesBuildPhase;
			buildActionMask = 2147483647;
			files = (
			);
			runOnlyForDeploymentPostprocessing = 0;
		};
		D2D2979F2281D25900D3839F /* Resources */ = {
			isa = PBXResourcesBuildPhase;
			buildActionMask = 2147483647;
			files = (
			);
			runOnlyForDeploymentPostprocessing = 0;
		};
/* End PBXResourcesBuildPhase section */

/* Begin PBXSourcesBuildPhase section */
		D2D2977E2281D25500D3839F /* Sources */ = {
			isa = PBXSourcesBuildPhase;
			buildActionMask = 2147483647;
			files = (
				D2D297882281D25500D3839F /* ViewController.swift in Sources */,
				D2D297862281D25500D3839F /* AppDelegate.swift in Sources */,
				D2D297B42281D4EC00D3839F /* User.swift in Sources */,
				D2D297B82281E1C700D3839F /* TweetTableViewCell.swift in Sources */,
				D2D297B62281D5AF00D3839F /* Tweet.swift in Sources */,
			);
			runOnlyForDeploymentPostprocessing = 0;
		};
		D2D297922281D25900D3839F /* Sources */ = {
			isa = PBXSourcesBuildPhase;
			buildActionMask = 2147483647;
			files = (
				D2D2979B2281D25900D3839F /* TwitterTests.swift in Sources */,
			);
			runOnlyForDeploymentPostprocessing = 0;
		};
		D2D2979D2281D25900D3839F /* Sources */ = {
			isa = PBXSourcesBuildPhase;
			buildActionMask = 2147483647;
			files = (
				D2D297A62281D25900D3839F /* TwitterUITests.swift in Sources */,
			);
			runOnlyForDeploymentPostprocessing = 0;
		};
/* End PBXSourcesBuildPhase section */

/* Begin PBXTargetDependency section */
		D2D297982281D25900D3839F /* PBXTargetDependency */ = {
			isa = PBXTargetDependency;
			target = D2D297812281D25500D3839F /* Twitter */;
			targetProxy = D2D297972281D25900D3839F /* PBXContainerItemProxy */;
		};
		D2D297A32281D25900D3839F /* PBXTargetDependency */ = {
			isa = PBXTargetDependency;
			target = D2D297812281D25500D3839F /* Twitter */;
			targetProxy = D2D297A22281D25900D3839F /* PBXContainerItemProxy */;
		};
/* End PBXTargetDependency section */

/* Begin PBXVariantGroup section */
		D2D297892281D25500D3839F /* Main.storyboard */ = {
			isa = PBXVariantGroup;
			children = (
				D2D2978A2281D25500D3839F /* Base */,
			);
			name = Main.storyboard;
			sourceTree = "<group>";
		};
		D2D2978E2281D25800D3839F /* LaunchScreen.storyboard */ = {
			isa = PBXVariantGroup;
			children = (
				D2D2978F2281D25800D3839F /* Base */,
			);
			name = LaunchScreen.storyboard;
			sourceTree = "<group>";
		};
/* End PBXVariantGroup section */

/* Begin XCBuildConfiguration section */
		D2D297A82281D25900D3839F /* Debug */ = {
			isa = XCBuildConfiguration;
			buildSettings = {
				ALWAYS_SEARCH_USER_PATHS = NO;
				CLANG_ANALYZER_NONNULL = YES;
				CLANG_ANALYZER_NUMBER_OBJECT_CONVERSION = YES_AGGRESSIVE;
				CLANG_CXX_LANGUAGE_STANDARD = "gnu++14";
				CLANG_CXX_LIBRARY = "libc++";
				CLANG_ENABLE_MODULES = YES;
				CLANG_ENABLE_OBJC_ARC = YES;
				CLANG_ENABLE_OBJC_WEAK = YES;
				CLANG_WARN_BLOCK_CAPTURE_AUTORELEASING = YES;
				CLANG_WARN_BOOL_CONVERSION = YES;
				CLANG_WARN_COMMA = YES;
				CLANG_WARN_CONSTANT_CONVERSION = YES;
				CLANG_WARN_DEPRECATED_OBJC_IMPLEMENTATIONS = YES;
				CLANG_WARN_DIRECT_OBJC_ISA_USAGE = YES_ERROR;
				CLANG_WARN_DOCUMENTATION_COMMENTS = YES;
				CLANG_WARN_EMPTY_BODY = YES;
				CLANG_WARN_ENUM_CONVERSION = YES;
				CLANG_WARN_INFINITE_RECURSION = YES;
				CLANG_WARN_INT_CONVERSION = YES;
				CLANG_WARN_NON_LITERAL_NULL_CONVERSION = YES;
				CLANG_WARN_OBJC_IMPLICIT_RETAIN_SELF = YES;
				CLANG_WARN_OBJC_LITERAL_CONVERSION = YES;
				CLANG_WARN_OBJC_ROOT_CLASS = YES_ERROR;
				CLANG_WARN_RANGE_LOOP_ANALYSIS = YES;
				CLANG_WARN_STRICT_PROTOTYPES = YES;
				CLANG_WARN_SUSPICIOUS_MOVE = YES;
				CLANG_WARN_UNGUARDED_AVAILABILITY = YES_AGGRESSIVE;
				CLANG_WARN_UNREACHABLE_CODE = YES;
				CLANG_WARN__DUPLICATE_METHOD_MATCH = YES;
				CODE_SIGN_IDENTITY = "iPhone Developer";
				COPY_PHASE_STRIP = NO;
				DEBUG_INFORMATION_FORMAT = dwarf;
				ENABLE_STRICT_OBJC_MSGSEND = YES;
				ENABLE_TESTABILITY = YES;
				GCC_C_LANGUAGE_STANDARD = gnu11;
				GCC_DYNAMIC_NO_PIC = NO;
				GCC_NO_COMMON_BLOCKS = YES;
				GCC_OPTIMIZATION_LEVEL = 0;
				GCC_PREPROCESSOR_DEFINITIONS = (
					"DEBUG=1",
					"$(inherited)",
				);
				GCC_WARN_64_TO_32_BIT_CONVERSION = YES;
				GCC_WARN_ABOUT_RETURN_TYPE = YES_ERROR;
				GCC_WARN_UNDECLARED_SELECTOR = YES;
				GCC_WARN_UNINITIALIZED_AUTOS = YES_AGGRESSIVE;
				GCC_WARN_UNUSED_FUNCTION = YES;
				GCC_WARN_UNUSED_VARIABLE = YES;
				IPHONEOS_DEPLOYMENT_TARGET = 12.2;
				MTL_ENABLE_DEBUG_INFO = INCLUDE_SOURCE;
				MTL_FAST_MATH = YES;
				ONLY_ACTIVE_ARCH = YES;
				SDKROOT = iphoneos;
				SWIFT_ACTIVE_COMPILATION_CONDITIONS = DEBUG;
				SWIFT_OPTIMIZATION_LEVEL = "-Onone";
			};
			name = Debug;
		};
		D2D297A92281D25900D3839F /* Release */ = {
			isa = XCBuildConfiguration;
			buildSettings = {
				ALWAYS_SEARCH_USER_PATHS = NO;
				CLANG_ANALYZER_NONNULL = YES;
				CLANG_ANALYZER_NUMBER_OBJECT_CONVERSION = YES_AGGRESSIVE;
				CLANG_CXX_LANGUAGE_STANDARD = "gnu++14";
				CLANG_CXX_LIBRARY = "libc++";
				CLANG_ENABLE_MODULES = YES;
				CLANG_ENABLE_OBJC_ARC = YES;
				CLANG_ENABLE_OBJC_WEAK = YES;
				CLANG_WARN_BLOCK_CAPTURE_AUTORELEASING = YES;
				CLANG_WARN_BOOL_CONVERSION = YES;
				CLANG_WARN_COMMA = YES;
				CLANG_WARN_CONSTANT_CONVERSION = YES;
				CLANG_WARN_DEPRECATED_OBJC_IMPLEMENTATIONS = YES;
				CLANG_WARN_DIRECT_OBJC_ISA_USAGE = YES_ERROR;
				CLANG_WARN_DOCUMENTATION_COMMENTS = YES;
				CLANG_WARN_EMPTY_BODY = YES;
				CLANG_WARN_ENUM_CONVERSION = YES;
				CLANG_WARN_INFINITE_RECURSION = YES;
				CLANG_WARN_INT_CONVERSION = YES;
				CLANG_WARN_NON_LITERAL_NULL_CONVERSION = YES;
				CLANG_WARN_OBJC_IMPLICIT_RETAIN_SELF = YES;
				CLANG_WARN_OBJC_LITERAL_CONVERSION = YES;
				CLANG_WARN_OBJC_ROOT_CLASS = YES_ERROR;
				CLANG_WARN_RANGE_LOOP_ANALYSIS = YES;
				CLANG_WARN_STRICT_PROTOTYPES = YES;
				CLANG_WARN_SUSPICIOUS_MOVE = YES;
				CLANG_WARN_UNGUARDED_AVAILABILITY = YES_AGGRESSIVE;
				CLANG_WARN_UNREACHABLE_CODE = YES;
				CLANG_WARN__DUPLICATE_METHOD_MATCH = YES;
				CODE_SIGN_IDENTITY = "iPhone Developer";
				COPY_PHASE_STRIP = NO;
				DEBUG_INFORMATION_FORMAT = "dwarf-with-dsym";
				ENABLE_NS_ASSERTIONS = NO;
				ENABLE_STRICT_OBJC_MSGSEND = YES;
				GCC_C_LANGUAGE_STANDARD = gnu11;
				GCC_NO_COMMON_BLOCKS = YES;
				GCC_WARN_64_TO_32_BIT_CONVERSION = YES;
				GCC_WARN_ABOUT_RETURN_TYPE = YES_ERROR;
				GCC_WARN_UNDECLARED_SELECTOR = YES;
				GCC_WARN_UNINITIALIZED_AUTOS = YES_AGGRESSIVE;
				GCC_WARN_UNUSED_FUNCTION = YES;
				GCC_WARN_UNUSED_VARIABLE = YES;
				IPHONEOS_DEPLOYMENT_TARGET = 12.2;
				MTL_ENABLE_DEBUG_INFO = NO;
				MTL_FAST_MATH = YES;
				SDKROOT = iphoneos;
				SWIFT_COMPILATION_MODE = wholemodule;
				SWIFT_OPTIMIZATION_LEVEL = "-O";
				VALIDATE_PRODUCT = YES;
			};
			name = Release;
		};
		D2D297AB2281D25900D3839F /* Debug */ = {
			isa = XCBuildConfiguration;
			buildSettings = {
				ASSETCATALOG_COMPILER_APPICON_NAME = AppIcon;
				CODE_SIGN_STYLE = Automatic;
				DEVELOPMENT_TEAM = TKUKNKW8ZJ;
				INFOPLIST_FILE = Twitter/Info.plist;
				LD_RUNPATH_SEARCH_PATHS = (
					"$(inherited)",
					"@executable_path/Frameworks",
				);
				PRODUCT_BUNDLE_IDENTIFIER = com.sinyuchen.Twitter;
				PRODUCT_NAME = "$(TARGET_NAME)";
				SWIFT_VERSION = 5.0;
				TARGETED_DEVICE_FAMILY = "1,2";
			};
			name = Debug;
		};
		D2D297AC2281D25900D3839F /* Release */ = {
			isa = XCBuildConfiguration;
			buildSettings = {
				ASSETCATALOG_COMPILER_APPICON_NAME = AppIcon;
				CODE_SIGN_STYLE = Automatic;
				DEVELOPMENT_TEAM = TKUKNKW8ZJ;
				INFOPLIST_FILE = Twitter/Info.plist;
				LD_RUNPATH_SEARCH_PATHS = (
					"$(inherited)",
					"@executable_path/Frameworks",
				);
				PRODUCT_BUNDLE_IDENTIFIER = com.sinyuchen.Twitter;
				PRODUCT_NAME = "$(TARGET_NAME)";
				SWIFT_VERSION = 5.0;
				TARGETED_DEVICE_FAMILY = "1,2";
			};
			name = Release;
		};
		D2D297AE2281D25900D3839F /* Debug */ = {
			isa = XCBuildConfiguration;
			buildSettings = {
				ALWAYS_EMBED_SWIFT_STANDARD_LIBRARIES = YES;
				BUNDLE_LOADER = "$(TEST_HOST)";
				CODE_SIGN_STYLE = Automatic;
				DEVELOPMENT_TEAM = TKUKNKW8ZJ;
				INFOPLIST_FILE = TwitterTests/Info.plist;
				LD_RUNPATH_SEARCH_PATHS = (
					"$(inherited)",
					"@executable_path/Frameworks",
					"@loader_path/Frameworks",
				);
				PRODUCT_BUNDLE_IDENTIFIER = com.sinyuchen.TwitterTests;
				PRODUCT_NAME = "$(TARGET_NAME)";
				SWIFT_VERSION = 5.0;
				TARGETED_DEVICE_FAMILY = "1,2";
				TEST_HOST = "$(BUILT_PRODUCTS_DIR)/Twitter.app/Twitter";
			};
			name = Debug;
		};
		D2D297AF2281D25900D3839F /* Release */ = {
			isa = XCBuildConfiguration;
			buildSettings = {
				ALWAYS_EMBED_SWIFT_STANDARD_LIBRARIES = YES;
				BUNDLE_LOADER = "$(TEST_HOST)";
				CODE_SIGN_STYLE = Automatic;
				DEVELOPMENT_TEAM = TKUKNKW8ZJ;
				INFOPLIST_FILE = TwitterTests/Info.plist;
				LD_RUNPATH_SEARCH_PATHS = (
					"$(inherited)",
					"@executable_path/Frameworks",
					"@loader_path/Frameworks",
				);
				PRODUCT_BUNDLE_IDENTIFIER = com.sinyuchen.TwitterTests;
				PRODUCT_NAME = "$(TARGET_NAME)";
				SWIFT_VERSION = 5.0;
				TARGETED_DEVICE_FAMILY = "1,2";
				TEST_HOST = "$(BUILT_PRODUCTS_DIR)/Twitter.app/Twitter";
			};
			name = Release;
		};
		D2D297B12281D25900D3839F /* Debug */ = {
			isa = XCBuildConfiguration;
			buildSettings = {
				ALWAYS_EMBED_SWIFT_STANDARD_LIBRARIES = YES;
				CODE_SIGN_STYLE = Automatic;
				DEVELOPMENT_TEAM = TKUKNKW8ZJ;
				INFOPLIST_FILE = TwitterUITests/Info.plist;
				LD_RUNPATH_SEARCH_PATHS = (
					"$(inherited)",
					"@executable_path/Frameworks",
					"@loader_path/Frameworks",
				);
				PRODUCT_BUNDLE_IDENTIFIER = com.sinyuchen.TwitterUITests;
				PRODUCT_NAME = "$(TARGET_NAME)";
				SWIFT_VERSION = 5.0;
				TARGETED_DEVICE_FAMILY = "1,2";
				TEST_TARGET_NAME = Twitter;
			};
			name = Debug;
		};
		D2D297B22281D25900D3839F /* Release */ = {
			isa = XCBuildConfiguration;
			buildSettings = {
				ALWAYS_EMBED_SWIFT_STANDARD_LIBRARIES = YES;
				CODE_SIGN_STYLE = Automatic;
				DEVELOPMENT_TEAM = TKUKNKW8ZJ;
				INFOPLIST_FILE = TwitterUITests/Info.plist;
				LD_RUNPATH_SEARCH_PATHS = (
					"$(inherited)",
					"@executable_path/Frameworks",
					"@loader_path/Frameworks",
				);
				PRODUCT_BUNDLE_IDENTIFIER = com.sinyuchen.TwitterUITests;
				PRODUCT_NAME = "$(TARGET_NAME)";
				SWIFT_VERSION = 5.0;
				TARGETED_DEVICE_FAMILY = "1,2";
				TEST_TARGET_NAME = Twitter;
			};
			name = Release;
		};
/* End XCBuildConfiguration section */

/* Begin XCConfigurationList section */
		D2D2977D2281D25500D3839F /* Build configuration list for PBXProject "Twitter" */ = {
			isa = XCConfigurationList;
			buildConfigurations = (
				D2D297A82281D25900D3839F /* Debug */,
				D2D297A92281D25900D3839F /* Release */,
			);
			defaultConfigurationIsVisible = 0;
			defaultConfigurationName = Release;
		};
		D2D297AA2281D25900D3839F /* Build configuration list for PBXNativeTarget "Twitter" */ = {
			isa = XCConfigurationList;
			buildConfigurations = (
				D2D297AB2281D25900D3839F /* Debug */,
				D2D297AC2281D25900D3839F /* Release */,
			);
			defaultConfigurationIsVisible = 0;
			defaultConfigurationName = Release;
		};
		D2D297AD2281D25900D3839F /* Build configuration list for PBXNativeTarget "TwitterTests" */ = {
			isa = XCConfigurationList;
			buildConfigurations = (
				D2D297AE2281D25900D3839F /* Debug */,
				D2D297AF2281D25900D3839F /* Release */,
			);
			defaultConfigurationIsVisible = 0;
			defaultConfigurationName = Release;
		};
		D2D297B02281D25900D3839F /* Build configuration list for PBXNativeTarget "TwitterUITests" */ = {
			isa = XCConfigurationList;
			buildConfigurations = (
				D2D297B12281D25900D3839F /* Debug */,
				D2D297B22281D25900D3839F /* Release */,
			);
			defaultConfigurationIsVisible = 0;
			defaultConfigurationName = Release;
		};
/* End XCConfigurationList section */
	};
	rootObject = D2D2977A2281D25500D3839F /* Project object */;
}
