// !$*UTF8*$!
{
	archiveVersion = 1;
	classes = {
	};
	objectVersion = 50;
	objects = {

/* Begin PBXBuildFile section */
		0CDB5EECDDC0165ED4D80D87 /* Pods_Twitter.framework in Frameworks */ = {isa = PBXBuildFile; fileRef = 951303DA0CE47B3145CD95FA /* Pods_Twitter.framework */; };
		578ED3F61E98F02327927A5F /* Pods_TwitterUITests.framework in Frameworks */ = {isa = PBXBuildFile; fileRef = 9464D6987356FBF1AAA92DCB /* Pods_TwitterUITests.framework */; };
		D2D297862281D25500D3839F /* AppDelegate.swift in Sources */ = {isa = PBXBuildFile; fileRef = D2D297852281D25500D3839F /* AppDelegate.swift */; };
		D2D297882281D25500D3839F /* ViewController.swift in Sources */ = {isa = PBXBuildFile; fileRef = D2D297872281D25500D3839F /* ViewController.swift */; };
		D2D2978B2281D25500D3839F /* Main.storyboard in Resources */ = {isa = PBXBuildFile; fileRef = D2D297892281D25500D3839F /* Main.storyboard */; };
		D2D2978D2281D25800D3839F /* Assets.xcassets in Resources */ = {isa = PBXBuildFile; fileRef = D2D2978C2281D25800D3839F /* Assets.xcassets */; };
		D2D297902281D25800D3839F /* LaunchScreen.storyboard in Resources */ = {isa = PBXBuildFile; fileRef = D2D2978E2281D25800D3839F /* LaunchScreen.storyboard */; };
		D2D2979B2281D25900D3839F /* TwitterTests.swift in Sources */ = {isa = PBXBuildFile; fileRef = D2D2979A2281D25900D3839F /* TwitterTests.swift */; };
		D2D297A62281D25900D3839F /* TwitterUITests.swift in Sources */ = {isa = PBXBuildFile; fileRef = D2D297A52281D25900D3839F /* TwitterUITests.swift */; };
		D2D297B42281D4EC00D3839F /* User.swift in Sources */ = {isa = PBXBuildFile; fileRef = D2D297B32281D4EC00D3839F /* User.swift */; };
		D2D297B62281D5AF00D3839F /* Tweet.swift in Sources */ = {isa = PBXBuildFile; fileRef = D2D297B52281D5AF00D3839F /* Tweet.swift */; };
		D2D297B82281E1C700D3839F /* TweetTableViewCell.swift in Sources */ = {isa = PBXBuildFile; fileRef = D2D297B72281E1C700D3839F /* TweetTableViewCell.swift */; };
		D2D297CD22873A8400D3839F /* SwifteriOS.framework in Frameworks */ = {isa = PBXBuildFile; fileRef = D2D297C622873A5B00D3839F /* SwifteriOS.framework */; };
		D2D297CE22873A8400D3839F /* SwifteriOS.framework in Embed Frameworks */ = {isa = PBXBuildFile; fileRef = D2D297C622873A5B00D3839F /* SwifteriOS.framework */; settings = {ATTRIBUTES = (CodeSignOnCopy, RemoveHeadersOnCopy, ); }; };
		EED2F93436F5FDBC2A4A2483 /* Pods_TwitterTests.framework in Frameworks */ = {isa = PBXBuildFile; fileRef = F0876AB33C88BFE305042F70 /* Pods_TwitterTests.framework */; };
/* End PBXBuildFile section */

/* Begin PBXContainerItemProxy section */
		D2D297972281D25900D3839F /* PBXContainerItemProxy */ = {
			isa = PBXContainerItemProxy;
			containerPortal = D2D2977A2281D25500D3839F /* Project object */;
			proxyType = 1;
			remoteGlobalIDString = D2D297812281D25500D3839F;
			remoteInfo = Twitter;
		};
		D2D297A22281D25900D3839F /* PBXContainerItemProxy */ = {
			isa = PBXContainerItemProxy;
			containerPortal = D2D2977A2281D25500D3839F /* Project object */;
			proxyType = 1;
			remoteGlobalIDString = D2D297812281D25500D3839F;
			remoteInfo = Twitter;
		};
		D2D297C322873A5B00D3839F /* PBXContainerItemProxy */ = {
			isa = PBXContainerItemProxy;
			containerPortal = D2D297BB22873A5B00D3839F /* Swifter.xcodeproj */;
			proxyType = 2;
			remoteGlobalIDString = 8B300C1F1944AA1A00993175;
			remoteInfo = SwifterDemoiOS;
		};
		D2D297C522873A5B00D3839F /* PBXContainerItemProxy */ = {
			isa = PBXContainerItemProxy;
			containerPortal = D2D297BB22873A5B00D3839F /* Swifter.xcodeproj */;
			proxyType = 2;
			remoteGlobalIDString = 8B9F50EE1944A5AB00894629;
			remoteInfo = SwifteriOS;
		};
		D2D297C722873A5B00D3839F /* PBXContainerItemProxy */ = {
			isa = PBXContainerItemProxy;
			containerPortal = D2D297BB22873A5B00D3839F /* Swifter.xcodeproj */;
			proxyType = 2;
			remoteGlobalIDString = 8B9F51131944A61D00894629;
			remoteInfo = SwifterMac;
		};
		D2D297C922873A5B00D3839F /* PBXContainerItemProxy */ = {
			isa = PBXContainerItemProxy;
			containerPortal = D2D297BB22873A5B00D3839F /* Swifter.xcodeproj */;
			proxyType = 2;
			remoteGlobalIDString = 8B300C471944AECB00993175;
			remoteInfo = SwifterDemoMac;
		};
		D2D297CB22873A5B00D3839F /* PBXContainerItemProxy */ = {
			isa = PBXContainerItemProxy;
			containerPortal = D2D297BB22873A5B00D3839F /* Swifter.xcodeproj */;
			proxyType = 2;
			remoteGlobalIDString = F6B4D5751C7BAC4500E06514;
			remoteInfo = SwifterTests;
		};
		D2D297CF22873A8400D3839F /* PBXContainerItemProxy */ = {
			isa = PBXContainerItemProxy;
			containerPortal = D2D297BB22873A5B00D3839F /* Swifter.xcodeproj */;
			proxyType = 1;
			remoteGlobalIDString = 8B9F50ED1944A5AB00894629;
			remoteInfo = SwifteriOS;
		};
/* End PBXContainerItemProxy section */

/* Begin PBXCopyFilesBuildPhase section */
		D2D297D122873A8400D3839F /* Embed Frameworks */ = {
			isa = PBXCopyFilesBuildPhase;
			buildActionMask = 2147483647;
			dstPath = "";
			dstSubfolderSpec = 10;
			files = (
				D2D297CE22873A8400D3839F /* SwifteriOS.framework in Embed Frameworks */,
			);
			name = "Embed Frameworks";
			runOnlyForDeploymentPostprocessing = 0;
		};
/* End PBXCopyFilesBuildPhase section */

/* Begin PBXFileReference section */
		2CE76DF92838D660606E0FAF /* Pods-Twitter.release.xcconfig */ = {isa = PBXFileReference; includeInIndex = 1; lastKnownFileType = text.xcconfig; name = "Pods-Twitter.release.xcconfig"; path = "Pods/Target Support Files/Pods-Twitter/Pods-Twitter.release.xcconfig"; sourceTree = "<group>"; };
		409995195410C49A91F7EC86 /* Pods-Twitter.debug.xcconfig */ = {isa = PBXFileReference; includeInIndex = 1; lastKnownFileType = text.xcconfig; name = "Pods-Twitter.debug.xcconfig"; path = "Pods/Target Support Files/Pods-Twitter/Pods-Twitter.debug.xcconfig"; sourceTree = "<group>"; };
		9464D6987356FBF1AAA92DCB /* Pods_TwitterUITests.framework */ = {isa = PBXFileReference; explicitFileType = wrapper.framework; includeInIndex = 0; path = Pods_TwitterUITests.framework; sourceTree = BUILT_PRODUCTS_DIR; };
		951303DA0CE47B3145CD95FA /* Pods_Twitter.framework */ = {isa = PBXFileReference; explicitFileType = wrapper.framework; includeInIndex = 0; path = Pods_Twitter.framework; sourceTree = BUILT_PRODUCTS_DIR; };
		A71F6D5F6617629DD1B5374A /* Pods-TwitterTests.debug.xcconfig */ = {isa = PBXFileReference; includeInIndex = 1; lastKnownFileType = text.xcconfig; name = "Pods-TwitterTests.debug.xcconfig"; path = "Pods/Target Support Files/Pods-TwitterTests/Pods-TwitterTests.debug.xcconfig"; sourceTree = "<group>"; };
		B58854C5A73D126D98E6F48E /* Pods-TwitterTests.release.xcconfig */ = {isa = PBXFileReference; includeInIndex = 1; lastKnownFileType = text.xcconfig; name = "Pods-TwitterTests.release.xcconfig"; path = "Pods/Target Support Files/Pods-TwitterTests/Pods-TwitterTests.release.xcconfig"; sourceTree = "<group>"; };
		C5B0E67CA9A7FDD53A731EA9 /* Pods-TwitterUITests.release.xcconfig */ = {isa = PBXFileReference; includeInIndex = 1; lastKnownFileType = text.xcconfig; name = "Pods-TwitterUITests.release.xcconfig"; path = "Pods/Target Support Files/Pods-TwitterUITests/Pods-TwitterUITests.release.xcconfig"; sourceTree = "<group>"; };
		D2D297822281D25500D3839F /* Twitter.app */ = {isa = PBXFileReference; explicitFileType = wrapper.application; includeInIndex = 0; path = Twitter.app; sourceTree = BUILT_PRODUCTS_DIR; };
		D2D297852281D25500D3839F /* AppDelegate.swift */ = {isa = PBXFileReference; lastKnownFileType = sourcecode.swift; path = AppDelegate.swift; sourceTree = "<group>"; };
		D2D297872281D25500D3839F /* ViewController.swift */ = {isa = PBXFileReference; lastKnownFileType = sourcecode.swift; path = ViewController.swift; sourceTree = "<group>"; };
		D2D2978A2281D25500D3839F /* Base */ = {isa = PBXFileReference; lastKnownFileType = file.storyboard; name = Base; path = Base.lproj/Main.storyboard; sourceTree = "<group>"; };
		D2D2978C2281D25800D3839F /* Assets.xcassets */ = {isa = PBXFileReference; lastKnownFileType = folder.assetcatalog; path = Assets.xcassets; sourceTree = "<group>"; };
		D2D2978F2281D25800D3839F /* Base */ = {isa = PBXFileReference; lastKnownFileType = file.storyboard; name = Base; path = Base.lproj/LaunchScreen.storyboard; sourceTree = "<group>"; };
		D2D297912281D25800D3839F /* Info.plist */ = {isa = PBXFileReference; lastKnownFileType = text.plist.xml; path = Info.plist; sourceTree = "<group>"; };
		D2D297962281D25900D3839F /* TwitterTests.xctest */ = {isa = PBXFileReference; explicitFileType = wrapper.cfbundle; includeInIndex = 0; path = TwitterTests.xctest; sourceTree = BUILT_PRODUCTS_DIR; };
		D2D2979A2281D25900D3839F /* TwitterTests.swift */ = {isa = PBXFileReference; lastKnownFileType = sourcecode.swift; path = TwitterTests.swift; sourceTree = "<group>"; };
		D2D2979C2281D25900D3839F /* Info.plist */ = {isa = PBXFileReference; lastKnownFileType = text.plist.xml; path = Info.plist; sourceTree = "<group>"; };
		D2D297A12281D25900D3839F /* TwitterUITests.xctest */ = {isa = PBXFileReference; explicitFileType = wrapper.cfbundle; includeInIndex = 0; path = TwitterUITests.xctest; sourceTree = BUILT_PRODUCTS_DIR; };
		D2D297A52281D25900D3839F /* TwitterUITests.swift */ = {isa = PBXFileReference; lastKnownFileType = sourcecode.swift; path = TwitterUITests.swift; sourceTree = "<group>"; };
		D2D297A72281D25900D3839F /* Info.plist */ = {isa = PBXFileReference; lastKnownFileType = text.plist.xml; path = Info.plist; sourceTree = "<group>"; };
		D2D297B32281D4EC00D3839F /* User.swift */ = {isa = PBXFileReference; lastKnownFileType = sourcecode.swift; path = User.swift; sourceTree = "<group>"; };
		D2D297B52281D5AF00D3839F /* Tweet.swift */ = {isa = PBXFileReference; lastKnownFileType = sourcecode.swift; path = Tweet.swift; sourceTree = "<group>"; };
		D2D297B72281E1C700D3839F /* TweetTableViewCell.swift */ = {isa = PBXFileReference; lastKnownFileType = sourcecode.swift; path = TweetTableViewCell.swift; sourceTree = "<group>"; };
		D2D297BB22873A5B00D3839F /* Swifter.xcodeproj */ = {isa = PBXFileReference; lastKnownFileType = "wrapper.pb-project"; name = Swifter.xcodeproj; path = "../../../../Downloads/Swifter-master/Swifter.xcodeproj"; sourceTree = "<group>"; };
		F0876AB33C88BFE305042F70 /* Pods_TwitterTests.framework */ = {isa = PBXFileReference; explicitFileType = wrapper.framework; includeInIndex = 0; path = Pods_TwitterTests.framework; sourceTree = BUILT_PRODUCTS_DIR; };
		F7011966C759069E73DEE0F8 /* Pods-TwitterUITests.debug.xcconfig */ = {isa = PBXFileReference; includeInIndex = 1; lastKnownFileType = text.xcconfig; name = "Pods-TwitterUITests.debug.xcconfig"; path = "Pods/Target Support Files/Pods-TwitterUITests/Pods-TwitterUITests.debug.xcconfig"; sourceTree = "<group>"; };
/* End PBXFileReference section */

/* Begin PBXFrameworksBuildPhase section */
		D2D2977F2281D25500D3839F /* Frameworks */ = {
			isa = PBXFrameworksBuildPhase;
			buildActionMask = 2147483647;
			files = (
				D2D297CD22873A8400D3839F /* SwifteriOS.framework in Frameworks */,
				0CDB5EECDDC0165ED4D80D87 /* Pods_Twitter.framework in Frameworks */,
			);
			runOnlyForDeploymentPostprocessing = 0;
		};
		D2D297932281D25900D3839F /* Frameworks */ = {
			isa = PBXFrameworksBuildPhase;
			buildActionMask = 2147483647;
			files = (
				EED2F93436F5FDBC2A4A2483 /* Pods_TwitterTests.framework in Frameworks */,
			);
			runOnlyForDeploymentPostprocessing = 0;
		};
		D2D2979E2281D25900D3839F /* Frameworks */ = {
			isa = PBXFrameworksBuildPhase;
			buildActionMask = 2147483647;
			files = (
				578ED3F61E98F02327927A5F /* Pods_TwitterUITests.framework in Frameworks */,
			);
			runOnlyForDeploymentPostprocessing = 0;
		};
/* End PBXFrameworksBuildPhase section */

/* Begin PBXGroup section */
		1D949A0F3B30569ECF7E609D /* Frameworks */ = {
			isa = PBXGroup;
			children = (
				951303DA0CE47B3145CD95FA /* Pods_Twitter.framework */,
				F0876AB33C88BFE305042F70 /* Pods_TwitterTests.framework */,
				9464D6987356FBF1AAA92DCB /* Pods_TwitterUITests.framework */,
			);
			name = Frameworks;
			sourceTree = "<group>";
		};
		D2D297792281D25500D3839F = {
			isa = PBXGroup;
			children = (
				D2D297842281D25500D3839F /* Twitter */,
				D2D297992281D25900D3839F /* TwitterTests */,
				D2D297A42281D25900D3839F /* TwitterUITests */,
				D2D297832281D25500D3839F /* Products */,
				D2D297BB22873A5B00D3839F /* Swifter.xcodeproj */,
				E85E9657A6EB3A6E4EA95C64 /* Pods */,
				1D949A0F3B30569ECF7E609D /* Frameworks */,
			);
			sourceTree = "<group>";
		};
		D2D297832281D25500D3839F /* Products */ = {
			isa = PBXGroup;
			children = (
				D2D297822281D25500D3839F /* Twitter.app */,
				D2D297962281D25900D3839F /* TwitterTests.xctest */,
				D2D297A12281D25900D3839F /* TwitterUITests.xctest */,
			);
			name = Products;
			sourceTree = "<group>";
		};
		D2D297842281D25500D3839F /* Twitter */ = {
			isa = PBXGroup;
			children = (
				D2D297852281D25500D3839F /* AppDelegate.swift */,
				D2D297872281D25500D3839F /* ViewController.swift */,
				D2D297B32281D4EC00D3839F /* User.swift */,
				D2D297B52281D5AF00D3839F /* Tweet.swift */,
				D2D297B72281E1C700D3839F /* TweetTableViewCell.swift */,
				D2D297892281D25500D3839F /* Main.storyboard */,
				D2D2978C2281D25800D3839F /* Assets.xcassets */,
				D2D2978E2281D25800D3839F /* LaunchScreen.storyboard */,
				D2D297912281D25800D3839F /* Info.plist */,
			);
			path = Twitter;
			sourceTree = "<group>";
		};
		D2D297992281D25900D3839F /* TwitterTests */ = {
			isa = PBXGroup;
			children = (
				D2D2979A2281D25900D3839F /* TwitterTests.swift */,
				D2D2979C2281D25900D3839F /* Info.plist */,
			);
			path = TwitterTests;
			sourceTree = "<group>";
		};
		D2D297A42281D25900D3839F /* TwitterUITests */ = {
			isa = PBXGroup;
			children = (
				D2D297A52281D25900D3839F /* TwitterUITests.swift */,
				D2D297A72281D25900D3839F /* Info.plist */,
			);
			path = TwitterUITests;
			sourceTree = "<group>";
		};
		D2D297BC22873A5B00D3839F /* Products */ = {
			isa = PBXGroup;
			children = (
				D2D297C422873A5B00D3839F /* SwifterDemoiOS.app */,
				D2D297C622873A5B00D3839F /* SwifteriOS.framework */,
				D2D297C822873A5B00D3839F /* SwifterMac.framework */,
				D2D297CA22873A5B00D3839F /* SwifterDemoMac.app */,
				D2D297CC22873A5B00D3839F /* SwifterTests.xctest */,
			);
			name = Products;
			sourceTree = "<group>";
		};
		E85E9657A6EB3A6E4EA95C64 /* Pods */ = {
			isa = PBXGroup;
			children = (
				409995195410C49A91F7EC86 /* Pods-Twitter.debug.xcconfig */,
				2CE76DF92838D660606E0FAF /* Pods-Twitter.release.xcconfig */,
				A71F6D5F6617629DD1B5374A /* Pods-TwitterTests.debug.xcconfig */,
				B58854C5A73D126D98E6F48E /* Pods-TwitterTests.release.xcconfig */,
				F7011966C759069E73DEE0F8 /* Pods-TwitterUITests.debug.xcconfig */,
				C5B0E67CA9A7FDD53A731EA9 /* Pods-TwitterUITests.release.xcconfig */,
			);
			name = Pods;
			sourceTree = "<group>";
		};
/* End PBXGroup section */

/* Begin PBXNativeTarget section */
		D2D297812281D25500D3839F /* Twitter */ = {
			isa = PBXNativeTarget;
			buildConfigurationList = D2D297AA2281D25900D3839F /* Build configuration list for PBXNativeTarget "Twitter" */;
			buildPhases = (
				0163B005B4100CCAB50FA8E1 /* [CP] Check Pods Manifest.lock */,
				D2D2977E2281D25500D3839F /* Sources */,
				D2D2977F2281D25500D3839F /* Frameworks */,
				D2D297802281D25500D3839F /* Resources */,
				D2D297D122873A8400D3839F /* Embed Frameworks */,
				5AD2D9A071D7EA6B7A6BBCF7 /* [CP] Embed Pods Frameworks */,
			);
			buildRules = (
			);
			dependencies = (
				D2D297D022873A8400D3839F /* PBXTargetDependency */,
			);
			name = Twitter;
			productName = Twitter;
			productReference = D2D297822281D25500D3839F /* Twitter.app */;
			productType = "com.apple.product-type.application";
		};
		D2D297952281D25900D3839F /* TwitterTests */ = {
			isa = PBXNativeTarget;
			buildConfigurationList = D2D297AD2281D25900D3839F /* Build configuration list for PBXNativeTarget "TwitterTests" */;
			buildPhases = (
				0467A70C77D9077B95C079A6 /* [CP] Check Pods Manifest.lock */,
				D2D297922281D25900D3839F /* Sources */,
				D2D297932281D25900D3839F /* Frameworks */,
				D2D297942281D25900D3839F /* Resources */,
			);
			buildRules = (
			);
			dependencies = (
				D2D297982281D25900D3839F /* PBXTargetDependency */,
			);
			name = TwitterTests;
			productName = TwitterTests;
			productReference = D2D297962281D25900D3839F /* TwitterTests.xctest */;
			productType = "com.apple.product-type.bundle.unit-test";
		};
		D2D297A02281D25900D3839F /* TwitterUITests */ = {
			isa = PBXNativeTarget;
			buildConfigurationList = D2D297B02281D25900D3839F /* Build configuration list for PBXNativeTarget "TwitterUITests" */;
			buildPhases = (
				C1EB867130A0BB94EB10379D /* [CP] Check Pods Manifest.lock */,
				D2D2979D2281D25900D3839F /* Sources */,
				D2D2979E2281D25900D3839F /* Frameworks */,
				D2D2979F2281D25900D3839F /* Resources */,
			);
			buildRules = (
			);
			dependencies = (
				D2D297A32281D25900D3839F /* PBXTargetDependency */,
			);
			name = TwitterUITests;
			productName = TwitterUITests;
			productReference = D2D297A12281D25900D3839F /* TwitterUITests.xctest */;
			productType = "com.apple.product-type.bundle.ui-testing";
		};
/* End PBXNativeTarget section */

/* Begin PBXProject section */
		D2D2977A2281D25500D3839F /* Project object */ = {
			isa = PBXProject;
			attributes = {
				LastSwiftUpdateCheck = 1020;
				LastUpgradeCheck = 1020;
				ORGANIZATIONNAME = "CHEN SINYU";
				TargetAttributes = {
					D2D297812281D25500D3839F = {
						CreatedOnToolsVersion = 10.2;
					};
					D2D297952281D25900D3839F = {
						CreatedOnToolsVersion = 10.2;
						TestTargetID = D2D297812281D25500D3839F;
					};
					D2D297A02281D25900D3839F = {
						CreatedOnToolsVersion = 10.2;
						TestTargetID = D2D297812281D25500D3839F;
					};
				};
			};
			buildConfigurationList = D2D2977D2281D25500D3839F /* Build configuration list for PBXProject "Twitter" */;
			compatibilityVersion = "Xcode 9.3";
			developmentRegion = en;
			hasScannedForEncodings = 0;
			knownRegions = (
				en,
				Base,
			);
			mainGroup = D2D297792281D25500D3839F;
			productRefGroup = D2D297832281D25500D3839F /* Products */;
			projectDirPath = "";
			projectReferences = (
				{
					ProductGroup = D2D297BC22873A5B00D3839F /* Products */;
					ProjectRef = D2D297BB22873A5B00D3839F /* Swifter.xcodeproj */;
				},
			);
			projectRoot = "";
			targets = (
				D2D297812281D25500D3839F /* Twitter */,
				D2D297952281D25900D3839F /* TwitterTests */,
				D2D297A02281D25900D3839F /* TwitterUITests */,
			);
		};
/* End PBXProject section */

/* Begin PBXReferenceProxy section */
		D2D297C422873A5B00D3839F /* SwifterDemoiOS.app */ = {
			isa = PBXReferenceProxy;
			fileType = wrapper.application;
			path = SwifterDemoiOS.app;
			remoteRef = D2D297C322873A5B00D3839F /* PBXContainerItemProxy */;
			sourceTree = BUILT_PRODUCTS_DIR;
		};
		D2D297C622873A5B00D3839F /* SwifteriOS.framework */ = {
			isa = PBXReferenceProxy;
			fileType = wrapper.framework;
			path = SwifteriOS.framework;
			remoteRef = D2D297C522873A5B00D3839F /* PBXContainerItemProxy */;
			sourceTree = BUILT_PRODUCTS_DIR;
		};
		D2D297C822873A5B00D3839F /* SwifterMac.framework */ = {
			isa = PBXReferenceProxy;
			fileType = wrapper.framework;
			path = SwifterMac.framework;
			remoteRef = D2D297C722873A5B00D3839F /* PBXContainerItemProxy */;
			sourceTree = BUILT_PRODUCTS_DIR;
		};
		D2D297CA22873A5B00D3839F /* SwifterDemoMac.app */ = {
			isa = PBXReferenceProxy;
			fileType = wrapper.application;
			path = SwifterDemoMac.app;
			remoteRef = D2D297C922873A5B00D3839F /* PBXContainerItemProxy */;
			sourceTree = BUILT_PRODUCTS_DIR;
		};
		D2D297CC22873A5B00D3839F /* SwifterTests.xctest */ = {
			isa = PBXReferenceProxy;
			fileType = wrapper.cfbundle;
			path = SwifterTests.xctest;
			remoteRef = D2D297CB22873A5B00D3839F /* PBXContainerItemProxy */;
			sourceTree = BUILT_PRODUCTS_DIR;
		};
/* End PBXReferenceProxy section */

/* Begin PBXResourcesBuildPhase section */
		D2D297802281D25500D3839F /* Resources */ = {
			isa = PBXResourcesBuildPhase;
			buildActionMask = 2147483647;
			files = (
				D2D297902281D25800D3839F /* LaunchScreen.storyboard in Resources */,
				D2D2978D2281D25800D3839F /* Assets.xcassets in Resources */,
				D2D2978B2281D25500D3839F /* Main.storyboard in Resources */,
			);
			runOnlyForDeploymentPostprocessing = 0;
		};
		D2D297942281D25900D3839F /* Resources */ = {
			isa = PBXResourcesBuildPhase;
			buildActionMask = 2147483647;
			files = (
			);
			runOnlyForDeploymentPostprocessing = 0;
		};
		D2D2979F2281D25900D3839F /* Resources */ = {
			isa = PBXResourcesBuildPhase;
			buildActionMask = 2147483647;
			files = (
			);
			runOnlyForDeploymentPostprocessing = 0;
		};
/* End PBXResourcesBuildPhase section */

/* Begin PBXShellScriptBuildPhase section */
		0163B005B4100CCAB50FA8E1 /* [CP] Check Pods Manifest.lock */ = {
			isa = PBXShellScriptBuildPhase;
			buildActionMask = 2147483647;
			files = (
			);
			inputPaths = (
				"${PODS_PODFILE_DIR_PATH}/Podfile.lock",
				"${PODS_ROOT}/Manifest.lock",
			);
			name = "[CP] Check Pods Manifest.lock";
			outputPaths = (
				"$(DERIVED_FILE_DIR)/Pods-Twitter-checkManifestLockResult.txt",
			);
			runOnlyForDeploymentPostprocessing = 0;
			shellPath = /bin/sh;
			shellScript = "diff \"${PODS_PODFILE_DIR_PATH}/Podfile.lock\" \"${PODS_ROOT}/Manifest.lock\" > /dev/null\nif [ $? != 0 ] ; then\n    # print error to STDERR\n    echo \"error: The sandbox is not in sync with the Podfile.lock. Run 'pod install' or update your CocoaPods installation.\" >&2\n    exit 1\nfi\n# This output is used by Xcode 'outputs' to avoid re-running this script phase.\necho \"SUCCESS\" > \"${SCRIPT_OUTPUT_FILE_0}\"\n";
			showEnvVarsInLog = 0;
		};
		0467A70C77D9077B95C079A6 /* [CP] Check Pods Manifest.lock */ = {
			isa = PBXShellScriptBuildPhase;
			buildActionMask = 2147483647;
			files = (
			);
			inputPaths = (
				"${PODS_PODFILE_DIR_PATH}/Podfile.lock",
				"${PODS_ROOT}/Manifest.lock",
			);
			name = "[CP] Check Pods Manifest.lock";
			outputPaths = (
				"$(DERIVED_FILE_DIR)/Pods-TwitterTests-checkManifestLockResult.txt",
			);
			runOnlyForDeploymentPostprocessing = 0;
			shellPath = /bin/sh;
			shellScript = "diff \"${PODS_PODFILE_DIR_PATH}/Podfile.lock\" \"${PODS_ROOT}/Manifest.lock\" > /dev/null\nif [ $? != 0 ] ; then\n    # print error to STDERR\n    echo \"error: The sandbox is not in sync with the Podfile.lock. Run 'pod install' or update your CocoaPods installation.\" >&2\n    exit 1\nfi\n# This output is used by Xcode 'outputs' to avoid re-running this script phase.\necho \"SUCCESS\" > \"${SCRIPT_OUTPUT_FILE_0}\"\n";
			showEnvVarsInLog = 0;
		};
		5AD2D9A071D7EA6B7A6BBCF7 /* [CP] Embed Pods Frameworks */ = {
			isa = PBXShellScriptBuildPhase;
			buildActionMask = 2147483647;
			files = (
			);
			inputPaths = (
				"${SRCROOT}/Pods/Target Support Files/Pods-Twitter/Pods-Twitter-frameworks.sh",
				"${BUILT_PRODUCTS_DIR}/Alamofire/Alamofire.framework",
				"${BUILT_PRODUCTS_DIR}/SwiftyJSON/SwiftyJSON.framework",
			);
			name = "[CP] Embed Pods Frameworks";
			outputPaths = (
				"${TARGET_BUILD_DIR}/${FRAMEWORKS_FOLDER_PATH}/Alamofire.framework",
				"${TARGET_BUILD_DIR}/${FRAMEWORKS_FOLDER_PATH}/SwiftyJSON.framework",
			);
			runOnlyForDeploymentPostprocessing = 0;
			shellPath = /bin/sh;
			shellScript = "\"${SRCROOT}/Pods/Target Support Files/Pods-Twitter/Pods-Twitter-frameworks.sh\"\n";
			showEnvVarsInLog = 0;
		};
		C1EB867130A0BB94EB10379D /* [CP] Check Pods Manifest.lock */ = {
			isa = PBXShellScriptBuildPhase;
			buildActionMask = 2147483647;
			files = (
			);
			inputPaths = (
				"${PODS_PODFILE_DIR_PATH}/Podfile.lock",
				"${PODS_ROOT}/Manifest.lock",
			);
			name = "[CP] Check Pods Manifest.lock";
			outputPaths = (
				"$(DERIVED_FILE_DIR)/Pods-TwitterUITests-checkManifestLockResult.txt",
			);
			runOnlyForDeploymentPostprocessing = 0;
			shellPath = /bin/sh;
			shellScript = "diff \"${PODS_PODFILE_DIR_PATH}/Podfile.lock\" \"${PODS_ROOT}/Manifest.lock\" > /dev/null\nif [ $? != 0 ] ; then\n    # print error to STDERR\n    echo \"error: The sandbox is not in sync with the Podfile.lock. Run 'pod install' or update your CocoaPods installation.\" >&2\n    exit 1\nfi\n# This output is used by Xcode 'outputs' to avoid re-running this script phase.\necho \"SUCCESS\" > \"${SCRIPT_OUTPUT_FILE_0}\"\n";
			showEnvVarsInLog = 0;
		};
/* End PBXShellScriptBuildPhase section */

/* Begin PBXSourcesBuildPhase section */
		D2D2977E2281D25500D3839F /* Sources */ = {
			isa = PBXSourcesBuildPhase;
			buildActionMask = 2147483647;
			files = (
				D2D297882281D25500D3839F /* ViewController.swift in Sources */,
				D2D297862281D25500D3839F /* AppDelegate.swift in Sources */,
				D2D297B42281D4EC00D3839F /* User.swift in Sources */,
				D2D297B82281E1C700D3839F /* TweetTableViewCell.swift in Sources */,
				D2D297B62281D5AF00D3839F /* Tweet.swift in Sources */,
			);
			runOnlyForDeploymentPostprocessing = 0;
		};
		D2D297922281D25900D3839F /* Sources */ = {
			isa = PBXSourcesBuildPhase;
			buildActionMask = 2147483647;
			files = (
				D2D2979B2281D25900D3839F /* TwitterTests.swift in Sources */,
			);
			runOnlyForDeploymentPostprocessing = 0;
		};
		D2D2979D2281D25900D3839F /* Sources */ = {
			isa = PBXSourcesBuildPhase;
			buildActionMask = 2147483647;
			files = (
				D2D297A62281D25900D3839F /* TwitterUITests.swift in Sources */,
			);
			runOnlyForDeploymentPostprocessing = 0;
		};
/* End PBXSourcesBuildPhase section */

/* Begin PBXTargetDependency section */
		D2D297982281D25900D3839F /* PBXTargetDependency */ = {
			isa = PBXTargetDependency;
			target = D2D297812281D25500D3839F /* Twitter */;
			targetProxy = D2D297972281D25900D3839F /* PBXContainerItemProxy */;
		};
		D2D297A32281D25900D3839F /* PBXTargetDependency */ = {
			isa = PBXTargetDependency;
			target = D2D297812281D25500D3839F /* Twitter */;
			targetProxy = D2D297A22281D25900D3839F /* PBXContainerItemProxy */;
		};
		D2D297D022873A8400D3839F /* PBXTargetDependency */ = {
			isa = PBXTargetDependency;
			name = SwifteriOS;
			targetProxy = D2D297CF22873A8400D3839F /* PBXContainerItemProxy */;
		};
/* End PBXTargetDependency section */

/* Begin PBXVariantGroup section */
		D2D297892281D25500D3839F /* Main.storyboard */ = {
			isa = PBXVariantGroup;
			children = (
				D2D2978A2281D25500D3839F /* Base */,
			);
			name = Main.storyboard;
			sourceTree = "<group>";
		};
		D2D2978E2281D25800D3839F /* LaunchScreen.storyboard */ = {
			isa = PBXVariantGroup;
			children = (
				D2D2978F2281D25800D3839F /* Base */,
			);
			name = LaunchScreen.storyboard;
			sourceTree = "<group>";
		};
/* End PBXVariantGroup section */

/* Begin XCBuildConfiguration section */
		D2D297A82281D25900D3839F /* Debug */ = {
			isa = XCBuildConfiguration;
			buildSettings = {
				ALWAYS_SEARCH_USER_PATHS = NO;
				CLANG_ANALYZER_NONNULL = YES;
				CLANG_ANALYZER_NUMBER_OBJECT_CONVERSION = YES_AGGRESSIVE;
				CLANG_CXX_LANGUAGE_STANDARD = "gnu++14";
				CLANG_CXX_LIBRARY = "libc++";
				CLANG_ENABLE_MODULES = YES;
				CLANG_ENABLE_OBJC_ARC = YES;
				CLANG_ENABLE_OBJC_WEAK = YES;
				CLANG_WARN_BLOCK_CAPTURE_AUTORELEASING = YES;
				CLANG_WARN_BOOL_CONVERSION = YES;
				CLANG_WARN_COMMA = YES;
				CLANG_WARN_CONSTANT_CONVERSION = YES;
				CLANG_WARN_DEPRECATED_OBJC_IMPLEMENTATIONS = YES;
				CLANG_WARN_DIRECT_OBJC_ISA_USAGE = YES_ERROR;
				CLANG_WARN_DOCUMENTATION_COMMENTS = YES;
				CLANG_WARN_EMPTY_BODY = YES;
				CLANG_WARN_ENUM_CONVERSION = YES;
				CLANG_WARN_INFINITE_RECURSION = YES;
				CLANG_WARN_INT_CONVERSION = YES;
				CLANG_WARN_NON_LITERAL_NULL_CONVERSION = YES;
				CLANG_WARN_OBJC_IMPLICIT_RETAIN_SELF = YES;
				CLANG_WARN_OBJC_LITERAL_CONVERSION = YES;
				CLANG_WARN_OBJC_ROOT_CLASS = YES_ERROR;
				CLANG_WARN_RANGE_LOOP_ANALYSIS = YES;
				CLANG_WARN_STRICT_PROTOTYPES = YES;
				CLANG_WARN_SUSPICIOUS_MOVE = YES;
				CLANG_WARN_UNGUARDED_AVAILABILITY = YES_AGGRESSIVE;
				CLANG_WARN_UNREACHABLE_CODE = YES;
				CLANG_WARN__DUPLICATE_METHOD_MATCH = YES;
				CODE_SIGN_IDENTITY = "iPhone Developer";
				COPY_PHASE_STRIP = NO;
				DEBUG_INFORMATION_FORMAT = dwarf;
				ENABLE_STRICT_OBJC_MSGSEND = YES;
				ENABLE_TESTABILITY = YES;
				GCC_C_LANGUAGE_STANDARD = gnu11;
				GCC_DYNAMIC_NO_PIC = NO;
				GCC_NO_COMMON_BLOCKS = YES;
				GCC_OPTIMIZATION_LEVEL = 0;
				GCC_PREPROCESSOR_DEFINITIONS = (
					"DEBUG=1",
					"$(inherited)",
				);
				GCC_WARN_64_TO_32_BIT_CONVERSION = YES;
				GCC_WARN_ABOUT_RETURN_TYPE = YES_ERROR;
				GCC_WARN_UNDECLARED_SELECTOR = YES;
				GCC_WARN_UNINITIALIZED_AUTOS = YES_AGGRESSIVE;
				GCC_WARN_UNUSED_FUNCTION = YES;
				GCC_WARN_UNUSED_VARIABLE = YES;
				IPHONEOS_DEPLOYMENT_TARGET = 12.2;
				MTL_ENABLE_DEBUG_INFO = INCLUDE_SOURCE;
				MTL_FAST_MATH = YES;
				ONLY_ACTIVE_ARCH = YES;
				SDKROOT = iphoneos;
				SWIFT_ACTIVE_COMPILATION_CONDITIONS = DEBUG;
				SWIFT_OPTIMIZATION_LEVEL = "-Onone";
			};
			name = Debug;
		};
		D2D297A92281D25900D3839F /* Release */ = {
			isa = XCBuildConfiguration;
			buildSettings = {
				ALWAYS_SEARCH_USER_PATHS = NO;
				CLANG_ANALYZER_NONNULL = YES;
				CLANG_ANALYZER_NUMBER_OBJECT_CONVERSION = YES_AGGRESSIVE;
				CLANG_CXX_LANGUAGE_STANDARD = "gnu++14";
				CLANG_CXX_LIBRARY = "libc++";
				CLANG_ENABLE_MODULES = YES;
				CLANG_ENABLE_OBJC_ARC = YES;
				CLANG_ENABLE_OBJC_WEAK = YES;
				CLANG_WARN_BLOCK_CAPTURE_AUTORELEASING = YES;
				CLANG_WARN_BOOL_CONVERSION = YES;
				CLANG_WARN_COMMA = YES;
				CLANG_WARN_CONSTANT_CONVERSION = YES;
				CLANG_WARN_DEPRECATED_OBJC_IMPLEMENTATIONS = YES;
				CLANG_WARN_DIRECT_OBJC_ISA_USAGE = YES_ERROR;
				CLANG_WARN_DOCUMENTATION_COMMENTS = YES;
				CLANG_WARN_EMPTY_BODY = YES;
				CLANG_WARN_ENUM_CONVERSION = YES;
				CLANG_WARN_INFINITE_RECURSION = YES;
				CLANG_WARN_INT_CONVERSION = YES;
				CLANG_WARN_NON_LITERAL_NULL_CONVERSION = YES;
				CLANG_WARN_OBJC_IMPLICIT_RETAIN_SELF = YES;
				CLANG_WARN_OBJC_LITERAL_CONVERSION = YES;
				CLANG_WARN_OBJC_ROOT_CLASS = YES_ERROR;
				CLANG_WARN_RANGE_LOOP_ANALYSIS = YES;
				CLANG_WARN_STRICT_PROTOTYPES = YES;
				CLANG_WARN_SUSPICIOUS_MOVE = YES;
				CLANG_WARN_UNGUARDED_AVAILABILITY = YES_AGGRESSIVE;
				CLANG_WARN_UNREACHABLE_CODE = YES;
				CLANG_WARN__DUPLICATE_METHOD_MATCH = YES;
				CODE_SIGN_IDENTITY = "iPhone Developer";
				COPY_PHASE_STRIP = NO;
				DEBUG_INFORMATION_FORMAT = "dwarf-with-dsym";
				ENABLE_NS_ASSERTIONS = NO;
				ENABLE_STRICT_OBJC_MSGSEND = YES;
				GCC_C_LANGUAGE_STANDARD = gnu11;
				GCC_NO_COMMON_BLOCKS = YES;
				GCC_WARN_64_TO_32_BIT_CONVERSION = YES;
				GCC_WARN_ABOUT_RETURN_TYPE = YES_ERROR;
				GCC_WARN_UNDECLARED_SELECTOR = YES;
				GCC_WARN_UNINITIALIZED_AUTOS = YES_AGGRESSIVE;
				GCC_WARN_UNUSED_FUNCTION = YES;
				GCC_WARN_UNUSED_VARIABLE = YES;
				IPHONEOS_DEPLOYMENT_TARGET = 12.2;
				MTL_ENABLE_DEBUG_INFO = NO;
				MTL_FAST_MATH = YES;
				SDKROOT = iphoneos;
				SWIFT_COMPILATION_MODE = wholemodule;
				SWIFT_OPTIMIZATION_LEVEL = "-O";
				VALIDATE_PRODUCT = YES;
			};
			name = Release;
		};
		D2D297AB2281D25900D3839F /* Debug */ = {
			isa = XCBuildConfiguration;
			baseConfigurationReference = 409995195410C49A91F7EC86 /* Pods-Twitter.debug.xcconfig */;
			buildSettings = {
				ALWAYS_EMBED_SWIFT_STANDARD_LIBRARIES = YES;
				ASSETCATALOG_COMPILER_APPICON_NAME = AppIcon;
				CODE_SIGN_STYLE = Automatic;
				DEVELOPMENT_TEAM = TKUKNKW8ZJ;
				INFOPLIST_FILE = Twitter/Info.plist;
				IPHONEOS_DEPLOYMENT_TARGET = 11.4;
				LD_RUNPATH_SEARCH_PATHS = (
					"$(inherited)",
					"@executable_path/Frameworks",
				);
				PRODUCT_BUNDLE_IDENTIFIER = com.sinyuchen.Twitter;
				PRODUCT_NAME = "$(TARGET_NAME)";
				SWIFT_VERSION = 4.2;
				TARGETED_DEVICE_FAMILY = "1,2";
			};
			name = Debug;
		};
		D2D297AC2281D25900D3839F /* Release */ = {
			isa = XCBuildConfiguration;
			baseConfigurationReference = 2CE76DF92838D660606E0FAF /* Pods-Twitter.release.xcconfig */;
			buildSettings = {
				ALWAYS_EMBED_SWIFT_STANDARD_LIBRARIES = YES;
				ASSETCATALOG_COMPILER_APPICON_NAME = AppIcon;
				CODE_SIGN_STYLE = Automatic;
				DEVELOPMENT_TEAM = TKUKNKW8ZJ;
				INFOPLIST_FILE = Twitter/Info.plist;
				IPHONEOS_DEPLOYMENT_TARGET = 11.4;
				LD_RUNPATH_SEARCH_PATHS = (
					"$(inherited)",
					"@executable_path/Frameworks",
				);
				PRODUCT_BUNDLE_IDENTIFIER = com.sinyuchen.Twitter;
				PRODUCT_NAME = "$(TARGET_NAME)";
				SWIFT_VERSION = 4.2;
				TARGETED_DEVICE_FAMILY = "1,2";
			};
			name = Release;
		};
		D2D297AE2281D25900D3839F /* Debug */ = {
			isa = XCBuildConfiguration;
			baseConfigurationReference = A71F6D5F6617629DD1B5374A /* Pods-TwitterTests.debug.xcconfig */;
			buildSettings = {
				ALWAYS_EMBED_SWIFT_STANDARD_LIBRARIES = YES;
				BUNDLE_LOADER = "$(TEST_HOST)";
				CODE_SIGN_STYLE = Automatic;
				DEVELOPMENT_TEAM = TKUKNKW8ZJ;
				INFOPLIST_FILE = TwitterTests/Info.plist;
				LD_RUNPATH_SEARCH_PATHS = (
					"$(inherited)",
					"@executable_path/Frameworks",
					"@loader_path/Frameworks",
				);
				PRODUCT_BUNDLE_IDENTIFIER = com.sinyuchen.TwitterTests;
				PRODUCT_NAME = "$(TARGET_NAME)";
				SWIFT_VERSION = 5.0;
				TARGETED_DEVICE_FAMILY = "1,2";
				TEST_HOST = "$(BUILT_PRODUCTS_DIR)/Twitter.app/Twitter";
			};
			name = Debug;
		};
		D2D297AF2281D25900D3839F /* Release */ = {
			isa = XCBuildConfiguration;
			baseConfigurationReference = B58854C5A73D126D98E6F48E /* Pods-TwitterTests.release.xcconfig */;
			buildSettings = {
				ALWAYS_EMBED_SWIFT_STANDARD_LIBRARIES = YES;
				BUNDLE_LOADER = "$(TEST_HOST)";
				CODE_SIGN_STYLE = Automatic;
				DEVELOPMENT_TEAM = TKUKNKW8ZJ;
				INFOPLIST_FILE = TwitterTests/Info.plist;
				LD_RUNPATH_SEARCH_PATHS = (
					"$(inherited)",
					"@executable_path/Frameworks",
					"@loader_path/Frameworks",
				);
				PRODUCT_BUNDLE_IDENTIFIER = com.sinyuchen.TwitterTests;
				PRODUCT_NAME = "$(TARGET_NAME)";
				SWIFT_VERSION = 5.0;
				TARGETED_DEVICE_FAMILY = "1,2";
				TEST_HOST = "$(BUILT_PRODUCTS_DIR)/Twitter.app/Twitter";
			};
			name = Release;
		};
		D2D297B12281D25900D3839F /* Debug */ = {
			isa = XCBuildConfiguration;
			baseConfigurationReference = F7011966C759069E73DEE0F8 /* Pods-TwitterUITests.debug.xcconfig */;
			buildSettings = {
				ALWAYS_EMBED_SWIFT_STANDARD_LIBRARIES = YES;
				CODE_SIGN_STYLE = Automatic;
				DEVELOPMENT_TEAM = TKUKNKW8ZJ;
				INFOPLIST_FILE = TwitterUITests/Info.plist;
				LD_RUNPATH_SEARCH_PATHS = (
					"$(inherited)",
					"@executable_path/Frameworks",
					"@loader_path/Frameworks",
				);
				PRODUCT_BUNDLE_IDENTIFIER = com.sinyuchen.TwitterUITests;
				PRODUCT_NAME = "$(TARGET_NAME)";
				SWIFT_VERSION = 5.0;
				TARGETED_DEVICE_FAMILY = "1,2";
				TEST_TARGET_NAME = Twitter;
			};
			name = Debug;
		};
		D2D297B22281D25900D3839F /* Release */ = {
			isa = XCBuildConfiguration;
			baseConfigurationReference = C5B0E67CA9A7FDD53A731EA9 /* Pods-TwitterUITests.release.xcconfig */;
			buildSettings = {
				ALWAYS_EMBED_SWIFT_STANDARD_LIBRARIES = YES;
				CODE_SIGN_STYLE = Automatic;
				DEVELOPMENT_TEAM = TKUKNKW8ZJ;
				INFOPLIST_FILE = TwitterUITests/Info.plist;
				LD_RUNPATH_SEARCH_PATHS = (
					"$(inherited)",
					"@executable_path/Frameworks",
					"@loader_path/Frameworks",
				);
				PRODUCT_BUNDLE_IDENTIFIER = com.sinyuchen.TwitterUITests;
				PRODUCT_NAME = "$(TARGET_NAME)";
				SWIFT_VERSION = 5.0;
				TARGETED_DEVICE_FAMILY = "1,2";
				TEST_TARGET_NAME = Twitter;
			};
			name = Release;
		};
/* End XCBuildConfiguration section */

/* Begin XCConfigurationList section */
		D2D2977D2281D25500D3839F /* Build configuration list for PBXProject "Twitter" */ = {
			isa = XCConfigurationList;
			buildConfigurations = (
				D2D297A82281D25900D3839F /* Debug */,
				D2D297A92281D25900D3839F /* Release */,
			);
			defaultConfigurationIsVisible = 0;
			defaultConfigurationName = Release;
		};
		D2D297AA2281D25900D3839F /* Build configuration list for PBXNativeTarget "Twitter" */ = {
			isa = XCConfigurationList;
			buildConfigurations = (
				D2D297AB2281D25900D3839F /* Debug */,
				D2D297AC2281D25900D3839F /* Release */,
			);
			defaultConfigurationIsVisible = 0;
			defaultConfigurationName = Release;
		};
		D2D297AD2281D25900D3839F /* Build configuration list for PBXNativeTarget "TwitterTests" */ = {
			isa = XCConfigurationList;
			buildConfigurations = (
				D2D297AE2281D25900D3839F /* Debug */,
				D2D297AF2281D25900D3839F /* Release */,
			);
			defaultConfigurationIsVisible = 0;
			defaultConfigurationName = Release;
		};
		D2D297B02281D25900D3839F /* Build configuration list for PBXNativeTarget "TwitterUITests" */ = {
			isa = XCConfigurationList;
			buildConfigurations = (
				D2D297B12281D25900D3839F /* Debug */,
				D2D297B22281D25900D3839F /* Release */,
			);
			defaultConfigurationIsVisible = 0;
			defaultConfigurationName = Release;
		};
/* End XCConfigurationList section */
	};
	rootObject = D2D2977A2281D25500D3839F /* Project object */;
}
